{
  "name": "vscode-apielements",
  "version": "0.6.6",
  "lockfileVersion": 1,
  "dependencies": {
    "@types/node": {
      "version": "7.0.29",
      "resolved": "https://registry.npmjs.org/@types/node/-/node-7.0.29.tgz",
      "integrity": "sha512-+8JrLZny/uR+d/jLK9eaV63buRM7X/gNzQk57q76NS4KNKLSKOmxJYFIlwuP2zDvA7wqZj05POPhSd9Z1hYQpQ==",
      "dev": true
    },
    "ansi-regex": {
      "version": "https://registry.npmjs.org/ansi-regex/-/ansi-regex-2.1.1.tgz",
      "integrity": "sha1-w7M6te42DYbg5ijwRorn7yfWVN8=",
      "dev": true
    },
    "ansi-styles": {
      "version": "https://registry.npmjs.org/ansi-styles/-/ansi-styles-2.2.1.tgz",
      "integrity": "sha1-tDLdM1i2NM914eRmQ2gkBTPB3b4=",
      "dev": true
    },
    "argparse": {
      "version": "https://registry.npmjs.org/argparse/-/argparse-1.0.9.tgz",
      "integrity": "sha1-c9g7wmP4bpf4zE9rrhsOkKfSLIY="
    },
    "babel-code-frame": {
      "version": "https://registry.npmjs.org/babel-code-frame/-/babel-code-frame-6.22.0.tgz",
      "integrity": "sha1-AnYgvuVnqIwyVhV05/0IAdMxGOQ=",
      "dev": true
    },
    "babel-runtime": {
      "version": "6.23.0",
      "resolved": "https://registry.npmjs.org/babel-runtime/-/babel-runtime-6.23.0.tgz",
      "integrity": "sha1-CpSJ8UTecO+zzkMArM2zKeL8VDs="
    },
    "balanced-match": {
      "version": "https://registry.npmjs.org/balanced-match/-/balanced-match-0.4.2.tgz",
      "integrity": "sha1-yz8+PHMtwPAe5wtAPzAuYddwmDg=",
      "dev": true
    },
    "brace-expansion": {
      "version": "https://registry.npmjs.org/brace-expansion/-/brace-expansion-1.1.6.tgz",
      "integrity": "sha1-cZfX6qm4fmSDkOph/GbIRCdCDfk=",
      "dev": true
    },
    "call-me-maybe": {
      "version": "https://registry.npmjs.org/call-me-maybe/-/call-me-maybe-1.0.1.tgz",
      "integrity": "sha1-JtII6onje1y95gJQoV8DHBak1ms="
    },
    "chalk": {
      "version": "https://registry.npmjs.org/chalk/-/chalk-1.1.3.tgz",
      "integrity": "sha1-qBFcVeSnAv5NFQq9OHKCKn4J/Jg=",
      "dev": true
    },
    "chance": {
      "version": "https://registry.npmjs.org/chance/-/chance-1.0.4.tgz",
      "integrity": "sha1-Lbw+pq0FQff5Zb0K8l0conXIU8Q="
    },
    "colors": {
      "version": "https://registry.npmjs.org/colors/-/colors-1.1.2.tgz",
      "integrity": "sha1-FopHAXVran9RoSzgyXv6KMCE7WM=",
      "dev": true
    },
    "commander": {
      "version": "https://registry.npmjs.org/commander/-/commander-2.9.0.tgz",
      "integrity": "sha1-nJkJQXbhIkDLItbFFGCYQA/g99Q="
    },
    "concat-map": {
      "version": "https://registry.npmjs.org/concat-map/-/concat-map-0.0.1.tgz",
      "integrity": "sha1-2Klr13/Wjfd5OnMDajug1UBdR3s=",
      "dev": true
    },
    "core-js": {
      "version": "2.4.1",
      "resolved": "https://registry.npmjs.org/core-js/-/core-js-2.4.1.tgz",
      "integrity": "sha1-TekR5mew6ukSTjQlS1OupvxhjT4="
    },
    "debug": {
      "version": "https://registry.npmjs.org/debug/-/debug-2.6.1.tgz",
      "integrity": "sha1-eYVQkLosTjEVzH2HaUkdWPBJE1E="
    },
    "deep-extend": {
      "version": "https://registry.npmjs.org/deep-extend/-/deep-extend-0.4.1.tgz",
      "integrity": "sha1-7+QRPQgIX05vlod1mBD4B0aeIlM="
    },
    "deref": {
      "version": "https://registry.npmjs.org/deref/-/deref-0.6.4.tgz",
      "integrity": "sha1-vVqW1F2+0wEbuBvfaN31S+jhvU4="
    },
    "diff": {
      "version": "https://registry.npmjs.org/diff/-/diff-3.2.0.tgz",
      "integrity": "sha1-yc45Okt8vQsFinJck98pkCeGj/k=",
      "dev": true
    },
    "discontinuous-range": {
      "version": "https://registry.npmjs.org/discontinuous-range/-/discontinuous-range-1.0.0.tgz",
      "integrity": "sha1-44Mx8IRLukm5qctxx3FYWqsbxlo="
    },
    "drafter.js": {
      "version": "2.6.7",
      "resolved": "https://registry.npmjs.org/drafter.js/-/drafter.js-2.6.7.tgz",
      "integrity": "sha1-WcQ6hYZSc0DLNb3cVBgFWfru8AE="
    },
    "es6-promise": {
      "version": "https://registry.npmjs.org/es6-promise/-/es6-promise-3.3.1.tgz",
      "integrity": "sha1-oIzd6EzNvzTQJ6FFG8kdS80ophM="
    },
    "escape-string-regexp": {
      "version": "https://registry.npmjs.org/escape-string-regexp/-/escape-string-regexp-1.0.5.tgz",
      "integrity": "sha1-G2HAViGQqN/2rjuyzwIAyhMLhtQ=",
      "dev": true
    },
    "esprima": {
      "version": "https://registry.npmjs.org/esprima/-/esprima-2.7.3.tgz",
      "integrity": "sha1-luO3DVd59q1JzQMmc9HDEnZ7pYE="
    },
    "esutils": {
      "version": "https://registry.npmjs.org/esutils/-/esutils-2.0.2.tgz",
      "integrity": "sha1-Cr9PHKpbyx96nYrMbepPqqBLrJs=",
      "dev": true
    },
    "faker": {
      "version": "https://registry.npmjs.org/faker/-/faker-3.1.0.tgz",
      "integrity": "sha1-D5CPr05uwCUk5UpX5DLFwBPgjJ8="
    },
    "fs.realpath": {
      "version": "https://registry.npmjs.org/fs.realpath/-/fs.realpath-1.0.0.tgz",
      "integrity": "sha1-FQStJSMVjKpA20onh8sBQRmU6k8=",
      "dev": true
    },
    "fury": {
      "version": "3.0.0-beta.1",
      "resolved": "https://registry.npmjs.org/fury/-/fury-3.0.0-beta.1.tgz",
      "integrity": "sha1-4BtmAKAoZd3S5JziMzl3Zm5smXc="
    },
    "fury-adapter-swagger": {
      "version": "0.11.1",
      "resolved": "https://registry.npmjs.org/fury-adapter-swagger/-/fury-adapter-swagger-0.11.1.tgz",
      "integrity": "sha1-Us7KXQRwg60fBpjsMEgaf4HAD7Y="
    },
    "glob": {
      "version": "https://registry.npmjs.org/glob/-/glob-7.1.1.tgz",
      "integrity": "sha1-gFIR3wT6rxxjo2ADBs31reULLsg=",
      "dev": true
    },
    "graceful-readlink": {
      "version": "https://registry.npmjs.org/graceful-readlink/-/graceful-readlink-1.0.1.tgz",
      "integrity": "sha1-TK+tdrxi8C+gObL5Tpo906ORpyU="
    },
    "has-ansi": {
      "version": "https://registry.npmjs.org/has-ansi/-/has-ansi-2.0.0.tgz",
      "integrity": "sha1-NPUEnOHs3ysGSa8+8k5F7TVBbZE=",
      "dev": true
    },
    "inflight": {
      "version": "https://registry.npmjs.org/inflight/-/inflight-1.0.6.tgz",
      "integrity": "sha1-Sb1jMdfQLQwJvJEKEHW6gWW1bfk=",
      "dev": true
    },
    "inherits": {
      "version": "https://registry.npmjs.org/inherits/-/inherits-2.0.3.tgz",
      "integrity": "sha1-Yzwsg+PaQqUC9SRmAiSA9CCCYd4=",
      "dev": true
    },
    "js-tokens": {
      "version": "https://registry.npmjs.org/js-tokens/-/js-tokens-3.0.0.tgz",
      "integrity": "sha1-ovKpacquFC+zzVYig1jIk2aVe9E=",
      "dev": true
    },
    "js-yaml": {
      "version": "https://registry.npmjs.org/js-yaml/-/js-yaml-3.7.0.tgz",
      "integrity": "sha1-XJZ93YN6m/3KXy3oQlOr6KHAO4A="
    },
    "json-schema-faker": {
      "version": "https://registry.npmjs.org/json-schema-faker/-/json-schema-faker-0.4.0.tgz",
      "integrity": "sha1-z+/nVn1/mA0RBFtYy/I4fnUa7u8="
    },
    "json-schema-ref-parser": {
      "version": "https://registry.npmjs.org/json-schema-ref-parser/-/json-schema-ref-parser-1.4.1.tgz",
      "integrity": "sha1-wMLkOL8HlnI7AkUbrovH3Qs3/tA="
    },
    "lodash": {
      "version": "https://registry.npmjs.org/lodash/-/lodash-4.17.4.tgz",
      "integrity": "sha1-eCA6TRwyiuHYbcpkYONptX9AVa4="
    },
    "lodash.get": {
      "version": "https://registry.npmjs.org/lodash.get/-/lodash.get-4.4.2.tgz",
      "integrity": "sha1-LRd/ZS+jHpObRDjVNBSZ36OCXpk="
    },
    "lodash.isequal": {
      "version": "https://registry.npmjs.org/lodash.isequal/-/lodash.isequal-4.5.0.tgz",
      "integrity": "sha1-QVxEePK8wwEgwizhDtMib30+GOA="
    },
    "media-typer": {
      "version": "https://registry.npmjs.org/media-typer/-/media-typer-0.3.0.tgz",
      "integrity": "sha1-hxDXrwqmJvj/+hzgAWhUUmMlV0g="
    },
    "minim": {
      "version": "0.16.0",
      "resolved": "https://registry.npmjs.org/minim/-/minim-0.16.0.tgz",
      "integrity": "sha1-fLAbgapGtmdfB7cOUmY/lr1snAc="
    },
    "minim-api-description": {
      "version": "0.3.1",
      "resolved": "https://registry.npmjs.org/minim-api-description/-/minim-api-description-0.3.1.tgz",
      "integrity": "sha1-OK7ypoCCKHcXnarxGGI3WqQ9N7M="
    },
    "minim-parse-result": {
      "version": "0.5.0",
      "resolved": "https://registry.npmjs.org/minim-parse-result/-/minim-parse-result-0.5.0.tgz",
      "integrity": "sha1-PFuxHTooVziJs4fZd8m6yAw9YYw="
    },
    "minimatch": {
      "version": "https://registry.npmjs.org/minimatch/-/minimatch-3.0.3.tgz",
      "integrity": "sha1-Kk5AkLlrLbBqnX3wEFWmKnfJt3Q=",
      "dev": true
    },
    "ms": {
      "version": "https://registry.npmjs.org/ms/-/ms-0.7.2.tgz",
      "integrity": "sha1-riXPJRKziFodldfwN4aNhDESR2U="
    },
    "once": {
      "version": "https://registry.npmjs.org/once/-/once-1.4.0.tgz",
      "integrity": "sha1-WDsap3WWHUsROsF9nFC6753Xa9E=",
      "dev": true
    },
    "ono": {
      "version": "https://registry.npmjs.org/ono/-/ono-2.2.1.tgz",
      "integrity": "sha1-ci/H6EKf9zOIeoDnQ/s4u9mFsAM="
    },
    "path-is-absolute": {
      "version": "https://registry.npmjs.org/path-is-absolute/-/path-is-absolute-1.0.1.tgz",
      "integrity": "sha1-F0uSaHNVNP+8es5r9TpanhtcX18=",
      "dev": true
    },
    "path-parse": {
      "version": "https://registry.npmjs.org/path-parse/-/path-parse-1.0.5.tgz",
      "integrity": "sha1-PBrfhx6pzWyUMbbqK9dKD/BVxME=",
      "dev": true
    },
    "randexp": {
      "version": "https://registry.npmjs.org/randexp/-/randexp-0.4.4.tgz",
      "integrity": "sha1-umgmX0qfnoX1gU004WApH5OfFo4="
    },
    "regenerator-runtime": {
      "version": "https://registry.npmjs.org/regenerator-runtime/-/regenerator-runtime-0.10.1.tgz",
      "integrity": "sha1-JX9BlhzkRVixj3gUr0jBdVn5+us="
    },
    "resolve": {
      "version": "https://registry.npmjs.org/resolve/-/resolve-1.3.2.tgz",
      "integrity": "sha1-HwRCyeDLuBNuh7kwX5MvRsfygjU=",
      "dev": true
    },
    "ret": {
      "version": "https://registry.npmjs.org/ret/-/ret-0.1.13.tgz",
      "integrity": "sha1-OMJwLs5lSXiUHt2LffrGru70Bn0="
    },
    "semver": {
      "version": "https://registry.npmjs.org/semver/-/semver-5.3.0.tgz",
      "integrity": "sha1-myzl094C0XxgEq0yaqa00M9U+U8=",
      "dev": true
    },
    "sprintf-js": {
      "version": "https://registry.npmjs.org/sprintf-js/-/sprintf-js-1.0.3.tgz",
      "integrity": "sha1-BOaSb2YolTVPPdAVIDYzuFcpfiw="
    },
    "strip-ansi": {
      "version": "https://registry.npmjs.org/strip-ansi/-/strip-ansi-3.0.1.tgz",
      "integrity": "sha1-ajhfuIU9lS1f8F0Oiq+UJ43GPc8=",
      "dev": true
    },
    "supports-color": {
      "version": "https://registry.npmjs.org/supports-color/-/supports-color-2.0.0.tgz",
      "integrity": "sha1-U10EXOa2Nj+kARcIRimZXp3zJMc=",
      "dev": true
    },
    "swagger-methods": {
      "version": "https://registry.npmjs.org/swagger-methods/-/swagger-methods-1.0.0.tgz",
      "integrity": "sha1-s5x3lX0wWmU1wKHgFQgRhbmdYfw="
    },
    "swagger-parser": {
      "version": "https://registry.npmjs.org/swagger-parser/-/swagger-parser-3.4.1.tgz",
      "integrity": "sha1-ApBSnbriVNF4tEKpXfYNI9FCMB0="
    },
    "swagger-schema-official": {
      "version": "https://registry.npmjs.org/swagger-schema-official/-/swagger-schema-official-2.0.0-bab6bed.tgz",
      "integrity": "sha1-cAcEaNbSl3ylI3suUZyn0Gouo/0="
    },
    "tslib": {
      "version": "1.7.1",
      "resolved": "https://registry.npmjs.org/tslib/-/tslib-1.7.1.tgz",
      "integrity": "sha1-vIAEFkaRkjp5/oN4u+s9ogF1OOw=",
      "dev": true
    },
    "tslint": {
      "version": "5.4.3",
      "resolved": "https://registry.npmjs.org/tslint/-/tslint-5.4.3.tgz",
      "integrity": "sha1-dhyEArgONHt3M6BDkKdXslNYBGc=",
      "dev": true,
      "dependencies": {
        "brace-expansion": {
          "version": "1.1.7",
          "resolved": "https://registry.npmjs.org/brace-expansion/-/brace-expansion-1.1.7.tgz",
          "integrity": "sha1-Pv/DxQ4ABTH7cg6v+A8K6O8jz1k=",
          "dev": true
        },
        "minimatch": {
          "version": "3.0.4",
          "resolved": "https://registry.npmjs.org/minimatch/-/minimatch-3.0.4.tgz",
          "integrity": "sha512-yJHVQEhyqPLUTgt9B83PXu6W3rx4MvvHvSUvToogpwoGDOUQ+yDrR0HRot+yOCdCO7u4hX3pWft6kWBBcqh0UA==",
          "dev": true
        }
      }
    },
    "tsutils": {
      "version": "2.3.0",
      "resolved": "https://registry.npmjs.org/tsutils/-/tsutils-2.3.0.tgz",
      "integrity": "sha1-luZh18I2PzGtyJkqxnu+e3/BdeU=",
      "dev": true
    },
    "typescript": {
      "version": "2.3.4",
      "resolved": "https://registry.npmjs.org/typescript/-/typescript-2.3.4.tgz",
      "integrity": "sha1-PTgyGCgjHkNPKHUUlZw3qCtin0I=",
      "dev": true
    },
    "uptown": {
      "version": "https://registry.npmjs.org/uptown/-/uptown-0.4.1.tgz",
      "integrity": "sha1-Kqcyt1wFw0QyNzSY4rQZ+9nNVFI="
    },
    "validator": {
      "version": "https://registry.npmjs.org/validator/-/validator-6.2.1.tgz",
      "integrity": "sha1-vFdbeNFb6y4zimZbqVMMf0Ce9mc="
    },
    "vscode-jsonrpc": {
      "version": "https://registry.npmjs.org/vscode-jsonrpc/-/vscode-jsonrpc-3.2.0.tgz",
      "integrity": "sha1-ySuUasOFyLQUObhCtr0H1Re2Sn0="
    },
    "vscode-languageserver": {
      "version": "3.2.2",
      "resolved": "https://registry.npmjs.org/vscode-languageserver/-/vscode-languageserver-3.2.2.tgz",
      "integrity": "sha1-mntm4SUoOOpRoAYRRQiaK4ipUWo="
    },
    "vscode-languageserver-types": {
      "version": "https://registry.npmjs.org/vscode-languageserver-types/-/vscode-languageserver-types-3.2.0.tgz",
      "integrity": "sha1-iHTtktv6Zt9fsOK/c/YUz5SDvo8="
    },
    "wrappy": {
      "version": "https://registry.npmjs.org/wrappy/-/wrappy-1.0.2.tgz",
      "integrity": "sha1-tSQ9jz7BqjXxNkYFvA0QNuMKtp8=",
      "dev": true
    },
    "yaml-js": {
      "version": "0.1.5",
      "resolved": "https://registry.npmjs.org/yaml-js/-/yaml-js-0.1.5.tgz",
      "integrity": "sha1-oBNpAQs1WNiq7SOUYV39B4D9j6w="
    },
    "z-schema": {
      "version": "https://registry.npmjs.org/z-schema/-/z-schema-3.18.2.tgz",
      "integrity": "sha1-5CIZa17+YLRq3vPD8q7y3qqREWE="
    }
  }
}
